
Microsoft Visual Studio Solution File, Format Version 12.00
# Visual Studio 15
VisualStudioVersion = 15.0.28307.1145
MinimumVisualStudioVersion = 10.0.40219.1
Project("{FAE04EC0-301F-11D3-BF4B-00C04F79EFBC}") = "MinutiaeExtraction", "MinutiaeExtraction\MinutiaeExtraction.csproj", "{EDD4B5BB-AF9C-4417-BB7E-479C53B2E27B}"
EndProject
Global
	GlobalSection(SolutionConfigurationPlatforms) = preSolution
		Debug|Any CPU = Debug|Any CPU
		Release|Any CPU = Release|Any CPU
	EndGlobalSection
	GlobalSection(ProjectConfigurationPlatforms) = postSolution
		{EDD4B5BB-AF9C-4417-BB7E-479C53B2E27B}.Debug|Any CPU.ActiveCfg = Debug|Any CPU
		{EDD4B5BB-AF9C-4417-BB7E-479C53B2E27B}.Debug|Any CPU.Build.0 = Debug|Any CPU
		{EDD4B5BB-AF9C-4417-BB7E-479C53B2E27B}.Release|Any CPU.ActiveCfg = Release|Any CPU
		{EDD4B5BB-AF9C-4417-BB7E-479C53B2E27B}.Release|Any CPU.Build.0 = Release|Any CPU
	EndGlobalSection
	GlobalSection(SolutionProperties) = preSolution
		HideSolutionNode = FALSE
	EndGlobalSection
	GlobalSection(ExtensibilityGlobals) = postSolution
		SolutionGuid = {5801A922-3DE0-42A6-A70C-C91747CA0001}
	EndGlobalSection
EndGlobal
